
Microsoft Visual Studio Solution File, Format Version 12.00
# Visual Studio 2013
VisualStudioVersion = 12.0.21005.1
MinimumVisualStudioVersion = 10.0.40219.1
Project("{FAE04EC0-301F-11D3-BF4B-00C04F79EFBC}") = "Testing_SVUI", "Testing_SVUI\Testing_SVUI.csproj", "{B0082266-8A0B-400E-8F14-955E2274BE69}"
EndProject
Project("{FAE04EC0-301F-11D3-BF4B-00C04F79EFBC}") = "SVUITestingFramework", "SVUITestingFramework\SVUITestingFramework.csproj", "{93AF84B3-5596-430A-BCC5-E872E6380842}"
EndProject
Global
	GlobalSection(SolutionConfigurationPlatforms) = preSolution
		Debug|Any CPU = Debug|Any CPU
		Release|Any CPU = Release|Any CPU
	EndGlobalSection
	GlobalSection(ProjectConfigurationPlatforms) = postSolution
		{B0082266-8A0B-400E-8F14-955E2274BE69}.Debug|Any CPU.ActiveCfg = Debug|Any CPU
		{B0082266-8A0B-400E-8F14-955E2274BE69}.Debug|Any CPU.Build.0 = Debug|Any CPU
		{B0082266-8A0B-400E-8F14-955E2274BE69}.Release|Any CPU.ActiveCfg = Release|Any CPU
		{B0082266-8A0B-400E-8F14-955E2274BE69}.Release|Any CPU.Build.0 = Release|Any CPU
		{93AF84B3-5596-430A-BCC5-E872E6380842}.Debug|Any CPU.ActiveCfg = Debug|Any CPU
		{93AF84B3-5596-430A-BCC5-E872E6380842}.Debug|Any CPU.Build.0 = Debug|Any CPU
		{93AF84B3-5596-430A-BCC5-E872E6380842}.Release|Any CPU.ActiveCfg = Release|Any CPU
		{93AF84B3-5596-430A-BCC5-E872E6380842}.Release|Any CPU.Build.0 = Release|Any CPU
	EndGlobalSection
	GlobalSection(SolutionProperties) = preSolution
		HideSolutionNode = FALSE
	EndGlobalSection
EndGlobal
